
Microsoft Visual Studio Solution File, Format Version 12.00
# Visual Studio Version 17
VisualStudioVersion = 17.14.36518.9 d17.14
MinimumVisualStudioVersion = 10.0.40219.1
Project("{FAE04EC0-301F-11D3-BF4B-00C04F79EFBC}") = "ApiTrain", "ApiTrain\ApiTrain.csproj", "{A5469508-87C4-4BB8-BFBC-106C6AD2894C}"
EndProject
Global
	GlobalSection(SolutionConfigurationPlatforms) = preSolution
		Debug|Any CPU = Debug|Any CPU
		Release|Any CPU = Release|Any CPU
	EndGlobalSection
	GlobalSection(ProjectConfigurationPlatforms) = postSolution
		{A5469508-87C4-4BB8-BFBC-106C6AD2894C}.Debug|Any CPU.ActiveCfg = Debug|Any CPU
		{A5469508-87C4-4BB8-BFBC-106C6AD2894C}.Debug|Any CPU.Build.0 = Debug|Any CPU
		{A5469508-87C4-4BB8-BFBC-106C6AD2894C}.Release|Any CPU.ActiveCfg = Release|Any CPU
		{A5469508-87C4-4BB8-BFBC-106C6AD2894C}.Release|Any CPU.Build.0 = Release|Any CPU
	EndGlobalSection
	GlobalSection(SolutionProperties) = preSolution
		HideSolutionNode = FALSE
	EndGlobalSection
	GlobalSection(ExtensibilityGlobals) = postSolution
		SolutionGuid = {656FA1EB-BB2A-43C0-A463-6E7918389F07}
	EndGlobalSection
EndGlobal
